// !$*UTF8*$!
{
	archiveVersion = 1;
	classes = {
	};
	objectVersion = 55;
	objects = {

/* Begin PBXBuildFile section */
		ED17429D28B7D02B00D2A5EA /* UpgradeButtonText.swift in Sources */ = {isa = PBXBuildFile; fileRef = ED17429C28B7D02B00D2A5EA /* UpgradeButtonText.swift */; };
		ED1742A328B80E4700D2A5EA /* Upgrade.swift in Sources */ = {isa = PBXBuildFile; fileRef = ED1742A228B80E4700D2A5EA /* Upgrade.swift */; };
		ED1742A528BD491200D2A5EA /* DamageUpgrade.swift in Sources */ = {isa = PBXBuildFile; fileRef = ED1742A428BD491200D2A5EA /* DamageUpgrade.swift */; };
		ED1742A728BD4A3000D2A5EA /* HealthUpgrade.swift in Sources */ = {isa = PBXBuildFile; fileRef = ED1742A628BD4A3000D2A5EA /* HealthUpgrade.swift */; };
		ED846B49288822920020167D /* EnemyNode.swift in Sources */ = {isa = PBXBuildFile; fileRef = ED846B48288822920020167D /* EnemyNode.swift */; };
		ED846B4B2889D14E0020167D /* InGameUpradeMenu.swift in Sources */ = {isa = PBXBuildFile; fileRef = ED846B4A2889D14D0020167D /* InGameUpradeMenu.swift */; };
		ED961257288C131D0095DBD9 /* SpriteKit.framework in Frameworks */ = {isa = PBXBuildFile; fileRef = ED961256288C131D0095DBD9 /* SpriteKit.framework */; };
		ED961259288C6D0A0095DBD9 /* Gamescene.swift in Sources */ = {isa = PBXBuildFile; fileRef = ED961258288C6D0A0095DBD9 /* Gamescene.swift */; };
		ED96125B2891C1730095DBD9 /* ScreenSizeValues.swift in Sources */ = {isa = PBXBuildFile; fileRef = ED96125A2891C1730095DBD9 /* ScreenSizeValues.swift */; };
		ED96125D2891D49F0095DBD9 /* Enemy.swift in Sources */ = {isa = PBXBuildFile; fileRef = ED96125C2891D49F0095DBD9 /* Enemy.swift */; };
		ED96125F2891D9BF0095DBD9 /* ProjectileNode.swift in Sources */ = {isa = PBXBuildFile; fileRef = ED96125E2891D9BF0095DBD9 /* ProjectileNode.swift */; };
		ED9612612891E0840095DBD9 /* EnemyBossNode.swift in Sources */ = {isa = PBXBuildFile; fileRef = ED9612602891E0840095DBD9 /* EnemyBossNode.swift */; };
		EDB440FA289F019E003603B0 /* InGameTowerStatBar.swift in Sources */ = {isa = PBXBuildFile; fileRef = EDB440F9289F019E003603B0 /* InGameTowerStatBar.swift */; };
		EDB440FE28A05DD2003603B0 /* InGamEnemyStatBar.swift in Sources */ = {isa = PBXBuildFile; fileRef = EDB440FD28A05DD2003603B0 /* InGamEnemyStatBar.swift */; };
		EDB4410028A15E77003603B0 /* EnemyBaseValues.swift in Sources */ = {isa = PBXBuildFile; fileRef = EDB440FF28A15E77003603B0 /* EnemyBaseValues.swift */; };
		EDB4410228A2C2FD003603B0 /* StatBarBackgroundNode.swift in Sources */ = {isa = PBXBuildFile; fileRef = EDB4410128A2C2FD003603B0 /* StatBarBackgroundNode.swift */; };
		EDB4410428A2DCC9003603B0 /* ValuesStatBar.swift in Sources */ = {isa = PBXBuildFile; fileRef = EDB4410328A2DCC9003603B0 /* ValuesStatBar.swift */; };
		EDE91B9328AAD0B800A39C7D /* UpgradeButtonFrame.swift in Sources */ = {isa = PBXBuildFile; fileRef = EDE91B9228AAD0B800A39C7D /* UpgradeButtonFrame.swift */; };
		EDE9955A28607CCE00CF077E /* OneTowerDefenseApp.swift in Sources */ = {isa = PBXBuildFile; fileRef = EDE9955928607CCE00CF077E /* OneTowerDefenseApp.swift */; };
		EDE9955C28607CCE00CF077E /* ContentView.swift in Sources */ = {isa = PBXBuildFile; fileRef = EDE9955B28607CCE00CF077E /* ContentView.swift */; };
		EDE9955E28607CD000CF077E /* Assets.xcassets in Resources */ = {isa = PBXBuildFile; fileRef = EDE9955D28607CD000CF077E /* Assets.xcassets */; };
		EDE9956128607CD000CF077E /* Preview Assets.xcassets in Resources */ = {isa = PBXBuildFile; fileRef = EDE9956028607CD000CF077E /* Preview Assets.xcassets */; };
		EDE9956B28607CD000CF077E /* OneTowerDefenseTests.swift in Sources */ = {isa = PBXBuildFile; fileRef = EDE9956A28607CD000CF077E /* OneTowerDefenseTests.swift */; };
		EDE9957528607CD000CF077E /* OneTowerDefenseUITests.swift in Sources */ = {isa = PBXBuildFile; fileRef = EDE9957428607CD000CF077E /* OneTowerDefenseUITests.swift */; };
		EDE9957728607CD000CF077E /* OneTowerDefenseUITestsLaunchTests.swift in Sources */ = {isa = PBXBuildFile; fileRef = EDE9957628607CD000CF077E /* OneTowerDefenseUITestsLaunchTests.swift */; };
		EDE995842861137900CF077E /* TowerNode.swift in Sources */ = {isa = PBXBuildFile; fileRef = EDE995832861137900CF077E /* TowerNode.swift */; };
/* End PBXBuildFile section */

/* Begin PBXContainerItemProxy section */
		EDE9956728607CD000CF077E /* PBXContainerItemProxy */ = {
			isa = PBXContainerItemProxy;
			containerPortal = EDE9954E28607CCE00CF077E /* Project object */;
			proxyType = 1;
			remoteGlobalIDString = EDE9955528607CCE00CF077E;
			remoteInfo = OneTowerDefense;
		};
		EDE9957128607CD000CF077E /* PBXContainerItemProxy */ = {
			isa = PBXContainerItemProxy;
			containerPortal = EDE9954E28607CCE00CF077E /* Project object */;
			proxyType = 1;
			remoteGlobalIDString = EDE9955528607CCE00CF077E;
			remoteInfo = OneTowerDefense;
		};
/* End PBXContainerItemProxy section */

/* Begin PBXFileReference section */
		ED17429C28B7D02B00D2A5EA /* UpgradeButtonText.swift */ = {isa = PBXFileReference; lastKnownFileType = sourcecode.swift; path = UpgradeButtonText.swift; sourceTree = "<group>"; };
		ED1742A228B80E4700D2A5EA /* Upgrade.swift */ = {isa = PBXFileReference; lastKnownFileType = sourcecode.swift; path = Upgrade.swift; sourceTree = "<group>"; };
		ED1742A428BD491200D2A5EA /* DamageUpgrade.swift */ = {isa = PBXFileReference; lastKnownFileType = sourcecode.swift; path = DamageUpgrade.swift; sourceTree = "<group>"; };
		ED1742A628BD4A3000D2A5EA /* HealthUpgrade.swift */ = {isa = PBXFileReference; lastKnownFileType = sourcecode.swift; path = HealthUpgrade.swift; sourceTree = "<group>"; };
		ED846B48288822920020167D /* EnemyNode.swift */ = {isa = PBXFileReference; lastKnownFileType = sourcecode.swift; path = EnemyNode.swift; sourceTree = "<group>"; };
		ED846B4A2889D14D0020167D /* InGameUpradeMenu.swift */ = {isa = PBXFileReference; lastKnownFileType = sourcecode.swift; path = InGameUpradeMenu.swift; sourceTree = "<group>"; };
		ED961256288C131D0095DBD9 /* SpriteKit.framework */ = {isa = PBXFileReference; lastKnownFileType = wrapper.framework; name = SpriteKit.framework; path = System/Library/Frameworks/SpriteKit.framework; sourceTree = SDKROOT; };
		ED961258288C6D0A0095DBD9 /* Gamescene.swift */ = {isa = PBXFileReference; lastKnownFileType = sourcecode.swift; path = Gamescene.swift; sourceTree = "<group>"; };
		ED96125A2891C1730095DBD9 /* ScreenSizeValues.swift */ = {isa = PBXFileReference; lastKnownFileType = sourcecode.swift; path = ScreenSizeValues.swift; sourceTree = "<group>"; };
		ED96125C2891D49F0095DBD9 /* Enemy.swift */ = {isa = PBXFileReference; lastKnownFileType = sourcecode.swift; path = Enemy.swift; sourceTree = "<group>"; };
		ED96125E2891D9BF0095DBD9 /* ProjectileNode.swift */ = {isa = PBXFileReference; lastKnownFileType = sourcecode.swift; path = ProjectileNode.swift; sourceTree = "<group>"; };
		ED9612602891E0840095DBD9 /* EnemyBossNode.swift */ = {isa = PBXFileReference; lastKnownFileType = sourcecode.swift; path = EnemyBossNode.swift; sourceTree = "<group>"; };
		EDB440F9289F019E003603B0 /* InGameTowerStatBar.swift */ = {isa = PBXFileReference; lastKnownFileType = sourcecode.swift; path = InGameTowerStatBar.swift; sourceTree = "<group>"; };
		EDB440FD28A05DD2003603B0 /* InGamEnemyStatBar.swift */ = {isa = PBXFileReference; lastKnownFileType = sourcecode.swift; path = InGamEnemyStatBar.swift; sourceTree = "<group>"; };
		EDB440FF28A15E77003603B0 /* EnemyBaseValues.swift */ = {isa = PBXFileReference; lastKnownFileType = sourcecode.swift; path = EnemyBaseValues.swift; sourceTree = "<group>"; };
		EDB4410128A2C2FD003603B0 /* StatBarBackgroundNode.swift */ = {isa = PBXFileReference; lastKnownFileType = sourcecode.swift; path = StatBarBackgroundNode.swift; sourceTree = "<group>"; };
		EDB4410328A2DCC9003603B0 /* ValuesStatBar.swift */ = {isa = PBXFileReference; lastKnownFileType = sourcecode.swift; path = ValuesStatBar.swift; sourceTree = "<group>"; };
		EDE91B9228AAD0B800A39C7D /* UpgradeButtonFrame.swift */ = {isa = PBXFileReference; lastKnownFileType = sourcecode.swift; path = UpgradeButtonFrame.swift; sourceTree = "<group>"; };
		EDE9955628607CCE00CF077E /* OneTowerDefense.app */ = {isa = PBXFileReference; explicitFileType = wrapper.application; includeInIndex = 0; path = OneTowerDefense.app; sourceTree = BUILT_PRODUCTS_DIR; };
		EDE9955928607CCE00CF077E /* OneTowerDefenseApp.swift */ = {isa = PBXFileReference; lastKnownFileType = sourcecode.swift; path = OneTowerDefenseApp.swift; sourceTree = "<group>"; };
		EDE9955B28607CCE00CF077E /* ContentView.swift */ = {isa = PBXFileReference; lastKnownFileType = sourcecode.swift; path = ContentView.swift; sourceTree = "<group>"; };
		EDE9955D28607CD000CF077E /* Assets.xcassets */ = {isa = PBXFileReference; lastKnownFileType = folder.assetcatalog; path = Assets.xcassets; sourceTree = "<group>"; };
		EDE9956028607CD000CF077E /* Preview Assets.xcassets */ = {isa = PBXFileReference; lastKnownFileType = folder.assetcatalog; path = "Preview Assets.xcassets"; sourceTree = "<group>"; };
		EDE9956628607CD000CF077E /* OneTowerDefenseTests.xctest */ = {isa = PBXFileReference; explicitFileType = wrapper.cfbundle; includeInIndex = 0; path = OneTowerDefenseTests.xctest; sourceTree = BUILT_PRODUCTS_DIR; };
		EDE9956A28607CD000CF077E /* OneTowerDefenseTests.swift */ = {isa = PBXFileReference; lastKnownFileType = sourcecode.swift; path = OneTowerDefenseTests.swift; sourceTree = "<group>"; };
		EDE9957028607CD000CF077E /* OneTowerDefenseUITests.xctest */ = {isa = PBXFileReference; explicitFileType = wrapper.cfbundle; includeInIndex = 0; path = OneTowerDefenseUITests.xctest; sourceTree = BUILT_PRODUCTS_DIR; };
		EDE9957428607CD000CF077E /* OneTowerDefenseUITests.swift */ = {isa = PBXFileReference; lastKnownFileType = sourcecode.swift; path = OneTowerDefenseUITests.swift; sourceTree = "<group>"; };
		EDE9957628607CD000CF077E /* OneTowerDefenseUITestsLaunchTests.swift */ = {isa = PBXFileReference; lastKnownFileType = sourcecode.swift; path = OneTowerDefenseUITestsLaunchTests.swift; sourceTree = "<group>"; };
		EDE995832861137900CF077E /* TowerNode.swift */ = {isa = PBXFileReference; lastKnownFileType = sourcecode.swift; path = TowerNode.swift; sourceTree = "<group>"; };
/* End PBXFileReference section */

/* Begin PBXFrameworksBuildPhase section */
		EDE9955328607CCE00CF077E /* Frameworks */ = {
			isa = PBXFrameworksBuildPhase;
			buildActionMask = 2147483647;
			files = (
				ED961257288C131D0095DBD9 /* SpriteKit.framework in Frameworks */,
			);
			runOnlyForDeploymentPostprocessing = 0;
		};
		EDE9956328607CD000CF077E /* Frameworks */ = {
			isa = PBXFrameworksBuildPhase;
			buildActionMask = 2147483647;
			files = (
			);
			runOnlyForDeploymentPostprocessing = 0;
		};
		EDE9956D28607CD000CF077E /* Frameworks */ = {
			isa = PBXFrameworksBuildPhase;
			buildActionMask = 2147483647;
			files = (
			);
			runOnlyForDeploymentPostprocessing = 0;
		};
/* End PBXFrameworksBuildPhase section */

/* Begin PBXGroup section */
		ED1742A128B80E3600D2A5EA /* Upgrades */ = {
			isa = PBXGroup;
			children = (
				ED1742A228B80E4700D2A5EA /* Upgrade.swift */,
				ED1742A428BD491200D2A5EA /* DamageUpgrade.swift */,
				ED1742A628BD4A3000D2A5EA /* HealthUpgrade.swift */,
			);
			path = Upgrades;
			sourceTree = "<group>";
		};
		ED846B4728881EDE0020167D /* Objects */ = {
			isa = PBXGroup;
			children = (
				ED1742A128B80E3600D2A5EA /* Upgrades */,
				EDB440FC28A05D99003603B0 /* InGameStatObjects */,
				EDB440FB28A04E87003603B0 /* InGameUpragdeButtons */,
				EDE995832861137900CF077E /* TowerNode.swift */,
				ED96125E2891D9BF0095DBD9 /* ProjectileNode.swift */,
				EDB440FF28A15E77003603B0 /* EnemyBaseValues.swift */,
				ED96125C2891D49F0095DBD9 /* Enemy.swift */,
				ED846B48288822920020167D /* EnemyNode.swift */,
				ED9612602891E0840095DBD9 /* EnemyBossNode.swift */,
				ED846B4A2889D14D0020167D /* InGameUpradeMenu.swift */,
				ED96125A2891C1730095DBD9 /* ScreenSizeValues.swift */,
			);
			path = Objects;
			sourceTree = "<group>";
		};
		ED961255288C131D0095DBD9 /* Frameworks */ = {
			isa = PBXGroup;
			children = (
				ED961256288C131D0095DBD9 /* SpriteKit.framework */,
			);
			name = Frameworks;
			sourceTree = "<group>";
		};
		EDB440FB28A04E87003603B0 /* InGameUpragdeButtons */ = {
			isa = PBXGroup;
			children = (
				EDE91B9228AAD0B800A39C7D /* UpgradeButtonFrame.swift */,
				ED17429C28B7D02B00D2A5EA /* UpgradeButtonText.swift */,
			);
			path = InGameUpragdeButtons;
			sourceTree = "<group>";
		};
		EDB440FC28A05D99003603B0 /* InGameStatObjects */ = {
			isa = PBXGroup;
			children = (
				EDB440FD28A05DD2003603B0 /* InGamEnemyStatBar.swift */,
				EDB440F9289F019E003603B0 /* InGameTowerStatBar.swift */,
				EDB4410128A2C2FD003603B0 /* StatBarBackgroundNode.swift */,
				EDB4410328A2DCC9003603B0 /* ValuesStatBar.swift */,
			);
			path = InGameStatObjects;
			sourceTree = "<group>";
		};
		EDE9954D28607CCE00CF077E = {
			isa = PBXGroup;
			children = (
				EDE9955828607CCE00CF077E /* OneTowerDefense */,
				EDE9956928607CD000CF077E /* OneTowerDefenseTests */,
				EDE9957328607CD000CF077E /* OneTowerDefenseUITests */,
				EDE9955728607CCE00CF077E /* Products */,
				ED961255288C131D0095DBD9 /* Frameworks */,
			);
			sourceTree = "<group>";
		};
		EDE9955728607CCE00CF077E /* Products */ = {
			isa = PBXGroup;
			children = (
				EDE9955628607CCE00CF077E /* OneTowerDefense.app */,
				EDE9956628607CD000CF077E /* OneTowerDefenseTests.xctest */,
				EDE9957028607CD000CF077E /* OneTowerDefenseUITests.xctest */,
			);
			name = Products;
			sourceTree = "<group>";
		};
		EDE9955828607CCE00CF077E /* OneTowerDefense */ = {
			isa = PBXGroup;
			children = (
				ED846B4728881EDE0020167D /* Objects */,
				EDE9955928607CCE00CF077E /* OneTowerDefenseApp.swift */,
				ED961258288C6D0A0095DBD9 /* Gamescene.swift */,
				EDE9955B28607CCE00CF077E /* ContentView.swift */,
				EDE9955D28607CD000CF077E /* Assets.xcassets */,
				EDE9955F28607CD000CF077E /* Preview Content */,
			);
			path = OneTowerDefense;
			sourceTree = "<group>";
		};
		EDE9955F28607CD000CF077E /* Preview Content */ = {
			isa = PBXGroup;
			children = (
				EDE9956028607CD000CF077E /* Preview Assets.xcassets */,
			);
			path = "Preview Content";
			sourceTree = "<group>";
		};
		EDE9956928607CD000CF077E /* OneTowerDefenseTests */ = {
			isa = PBXGroup;
			children = (
				EDE9956A28607CD000CF077E /* OneTowerDefenseTests.swift */,
			);
			path = OneTowerDefenseTests;
			sourceTree = "<group>";
		};
		EDE9957328607CD000CF077E /* OneTowerDefenseUITests */ = {
			isa = PBXGroup;
			children = (
				EDE9957428607CD000CF077E /* OneTowerDefenseUITests.swift */,
				EDE9957628607CD000CF077E /* OneTowerDefenseUITestsLaunchTests.swift */,
			);
			path = OneTowerDefenseUITests;
			sourceTree = "<group>";
		};
/* End PBXGroup section */

/* Begin PBXNativeTarget section */
		EDE9955528607CCE00CF077E /* OneTowerDefense */ = {
			isa = PBXNativeTarget;
			buildConfigurationList = EDE9957A28607CD000CF077E /* Build configuration list for PBXNativeTarget "OneTowerDefense" */;
			buildPhases = (
				EDE9955228607CCE00CF077E /* Sources */,
				EDE9955328607CCE00CF077E /* Frameworks */,
				EDE9955428607CCE00CF077E /* Resources */,
			);
			buildRules = (
			);
			dependencies = (
			);
			name = OneTowerDefense;
			productName = OneTowerDefense;
			productReference = EDE9955628607CCE00CF077E /* OneTowerDefense.app */;
			productType = "com.apple.product-type.application";
		};
		EDE9956528607CD000CF077E /* OneTowerDefenseTests */ = {
			isa = PBXNativeTarget;
			buildConfigurationList = EDE9957D28607CD000CF077E /* Build configuration list for PBXNativeTarget "OneTowerDefenseTests" */;
			buildPhases = (
				EDE9956228607CD000CF077E /* Sources */,
				EDE9956328607CD000CF077E /* Frameworks */,
				EDE9956428607CD000CF077E /* Resources */,
			);
			buildRules = (
			);
			dependencies = (
				EDE9956828607CD000CF077E /* PBXTargetDependency */,
			);
			name = OneTowerDefenseTests;
			productName = OneTowerDefenseTests;
			productReference = EDE9956628607CD000CF077E /* OneTowerDefenseTests.xctest */;
			productType = "com.apple.product-type.bundle.unit-test";
		};
		EDE9956F28607CD000CF077E /* OneTowerDefenseUITests */ = {
			isa = PBXNativeTarget;
			buildConfigurationList = EDE9958028607CD000CF077E /* Build configuration list for PBXNativeTarget "OneTowerDefenseUITests" */;
			buildPhases = (
				EDE9956C28607CD000CF077E /* Sources */,
				EDE9956D28607CD000CF077E /* Frameworks */,
				EDE9956E28607CD000CF077E /* Resources */,
			);
			buildRules = (
			);
			dependencies = (
				EDE9957228607CD000CF077E /* PBXTargetDependency */,
			);
			name = OneTowerDefenseUITests;
			productName = OneTowerDefenseUITests;
			productReference = EDE9957028607CD000CF077E /* OneTowerDefenseUITests.xctest */;
			productType = "com.apple.product-type.bundle.ui-testing";
		};
/* End PBXNativeTarget section */

/* Begin PBXProject section */
		EDE9954E28607CCE00CF077E /* Project object */ = {
			isa = PBXProject;
			attributes = {
				BuildIndependentTargetsInParallel = 1;
				LastSwiftUpdateCheck = 1340;
				LastUpgradeCheck = 1340;
				TargetAttributes = {
					EDE9955528607CCE00CF077E = {
						CreatedOnToolsVersion = 13.4.1;
					};
					EDE9956528607CD000CF077E = {
						CreatedOnToolsVersion = 13.4.1;
						TestTargetID = EDE9955528607CCE00CF077E;
					};
					EDE9956F28607CD000CF077E = {
						CreatedOnToolsVersion = 13.4.1;
						TestTargetID = EDE9955528607CCE00CF077E;
					};
				};
			};
			buildConfigurationList = EDE9955128607CCE00CF077E /* Build configuration list for PBXProject "OneTowerDefense" */;
			compatibilityVersion = "Xcode 13.0";
			developmentRegion = en;
			hasScannedForEncodings = 0;
			knownRegions = (
				en,
				Base,
			);
			mainGroup = EDE9954D28607CCE00CF077E;
			productRefGroup = EDE9955728607CCE00CF077E /* Products */;
			projectDirPath = "";
			projectRoot = "";
			targets = (
				EDE9955528607CCE00CF077E /* OneTowerDefense */,
				EDE9956528607CD000CF077E /* OneTowerDefenseTests */,
				EDE9956F28607CD000CF077E /* OneTowerDefenseUITests */,
			);
		};
/* End PBXProject section */

/* Begin PBXResourcesBuildPhase section */
		EDE9955428607CCE00CF077E /* Resources */ = {
			isa = PBXResourcesBuildPhase;
			buildActionMask = 2147483647;
			files = (
				EDE9956128607CD000CF077E /* Preview Assets.xcassets in Resources */,
				EDE9955E28607CD000CF077E /* Assets.xcassets in Resources */,
			);
			runOnlyForDeploymentPostprocessing = 0;
		};
		EDE9956428607CD000CF077E /* Resources */ = {
			isa = PBXResourcesBuildPhase;
			buildActionMask = 2147483647;
			files = (
			);
			runOnlyForDeploymentPostprocessing = 0;
		};
		EDE9956E28607CD000CF077E /* Resources */ = {
			isa = PBXResourcesBuildPhase;
			buildActionMask = 2147483647;
			files = (
			);
			runOnlyForDeploymentPostprocessing = 0;
		};
/* End PBXResourcesBuildPhase section */

/* Begin PBXSourcesBuildPhase section */
		EDE9955228607CCE00CF077E /* Sources */ = {
			isa = PBXSourcesBuildPhase;
			buildActionMask = 2147483647;
			files = (
				EDE995842861137900CF077E /* TowerNode.swift in Sources */,
				EDB440FE28A05DD2003603B0 /* InGamEnemyStatBar.swift in Sources */,
				ED1742A328B80E4700D2A5EA /* Upgrade.swift in Sources */,
				EDE91B9328AAD0B800A39C7D /* UpgradeButtonFrame.swift in Sources */,
				ED9612612891E0840095DBD9 /* EnemyBossNode.swift in Sources */,
				EDB4410228A2C2FD003603B0 /* StatBarBackgroundNode.swift in Sources */,
				ED17429D28B7D02B00D2A5EA /* UpgradeButtonText.swift in Sources */,
				ED846B49288822920020167D /* EnemyNode.swift in Sources */,
				ED961259288C6D0A0095DBD9 /* Gamescene.swift in Sources */,
				ED96125B2891C1730095DBD9 /* ScreenSizeValues.swift in Sources */,
				ED96125D2891D49F0095DBD9 /* Enemy.swift in Sources */,
				EDB4410028A15E77003603B0 /* EnemyBaseValues.swift in Sources */,
				ED846B4B2889D14E0020167D /* InGameUpradeMenu.swift in Sources */,
				ED96125F2891D9BF0095DBD9 /* ProjectileNode.swift in Sources */,
				EDE9955C28607CCE00CF077E /* ContentView.swift in Sources */,
				EDE9955A28607CCE00CF077E /* OneTowerDefenseApp.swift in Sources */,
				ED1742A728BD4A3000D2A5EA /* HealthUpgrade.swift in Sources */,
				EDB440FA289F019E003603B0 /* InGameTowerStatBar.swift in Sources */,
				ED1742A528BD491200D2A5EA /* DamageUpgrade.swift in Sources */,
				EDB4410428A2DCC9003603B0 /* ValuesStatBar.swift in Sources */,
			);
			runOnlyForDeploymentPostprocessing = 0;
		};
		EDE9956228607CD000CF077E /* Sources */ = {
			isa = PBXSourcesBuildPhase;
			buildActionMask = 2147483647;
			files = (
				EDE9956B28607CD000CF077E /* OneTowerDefenseTests.swift in Sources */,
			);
			runOnlyForDeploymentPostprocessing = 0;
		};
		EDE9956C28607CD000CF077E /* Sources */ = {
			isa = PBXSourcesBuildPhase;
			buildActionMask = 2147483647;
			files = (
				EDE9957728607CD000CF077E /* OneTowerDefenseUITestsLaunchTests.swift in Sources */,
				EDE9957528607CD000CF077E /* OneTowerDefenseUITests.swift in Sources */,
			);
			runOnlyForDeploymentPostprocessing = 0;
		};
/* End PBXSourcesBuildPhase section */

/* Begin PBXTargetDependency section */
		EDE9956828607CD000CF077E /* PBXTargetDependency */ = {
			isa = PBXTargetDependency;
			target = EDE9955528607CCE00CF077E /* OneTowerDefense */;
			targetProxy = EDE9956728607CD000CF077E /* PBXContainerItemProxy */;
		};
		EDE9957228607CD000CF077E /* PBXTargetDependency */ = {
			isa = PBXTargetDependency;
			target = EDE9955528607CCE00CF077E /* OneTowerDefense */;
			targetProxy = EDE9957128607CD000CF077E /* PBXContainerItemProxy */;
		};
/* End PBXTargetDependency section */

/* Begin XCBuildConfiguration section */
		EDE9957828607CD000CF077E /* Debug */ = {
			isa = XCBuildConfiguration;
			buildSettings = {
				ALWAYS_SEARCH_USER_PATHS = NO;
				CLANG_ANALYZER_NONNULL = YES;
				CLANG_ANALYZER_NUMBER_OBJECT_CONVERSION = YES_AGGRESSIVE;
				CLANG_CXX_LANGUAGE_STANDARD = "gnu++17";
				CLANG_ENABLE_MODULES = YES;
				CLANG_ENABLE_OBJC_ARC = YES;
				CLANG_ENABLE_OBJC_WEAK = YES;
				CLANG_WARN_BLOCK_CAPTURE_AUTORELEASING = YES;
				CLANG_WARN_BOOL_CONVERSION = YES;
				CLANG_WARN_COMMA = YES;
				CLANG_WARN_CONSTANT_CONVERSION = YES;
				CLANG_WARN_DEPRECATED_OBJC_IMPLEMENTATIONS = YES;
				CLANG_WARN_DIRECT_OBJC_ISA_USAGE = YES_ERROR;
				CLANG_WARN_DOCUMENTATION_COMMENTS = YES;
				CLANG_WARN_EMPTY_BODY = YES;
				CLANG_WARN_ENUM_CONVERSION = YES;
				CLANG_WARN_INFINITE_RECURSION = YES;
				CLANG_WARN_INT_CONVERSION = YES;
				CLANG_WARN_NON_LITERAL_NULL_CONVERSION = YES;
				CLANG_WARN_OBJC_IMPLICIT_RETAIN_SELF = YES;
				CLANG_WARN_OBJC_LITERAL_CONVERSION = YES;
				CLANG_WARN_OBJC_ROOT_CLASS = YES_ERROR;
				CLANG_WARN_QUOTED_INCLUDE_IN_FRAMEWORK_HEADER = YES;
				CLANG_WARN_RANGE_LOOP_ANALYSIS = YES;
				CLANG_WARN_STRICT_PROTOTYPES = YES;
				CLANG_WARN_SUSPICIOUS_MOVE = YES;
				CLANG_WARN_UNGUARDED_AVAILABILITY = YES_AGGRESSIVE;
				CLANG_WARN_UNREACHABLE_CODE = YES;
				CLANG_WARN__DUPLICATE_METHOD_MATCH = YES;
				COPY_PHASE_STRIP = NO;
				DEBUG_INFORMATION_FORMAT = dwarf;
				ENABLE_STRICT_OBJC_MSGSEND = YES;
				ENABLE_TESTABILITY = YES;
				GCC_C_LANGUAGE_STANDARD = gnu11;
				GCC_DYNAMIC_NO_PIC = NO;
				GCC_NO_COMMON_BLOCKS = YES;
				GCC_OPTIMIZATION_LEVEL = 0;
				GCC_PREPROCESSOR_DEFINITIONS = (
					"DEBUG=1",
					"$(inherited)",
				);
				GCC_WARN_64_TO_32_BIT_CONVERSION = YES;
				GCC_WARN_ABOUT_RETURN_TYPE = YES_ERROR;
				GCC_WARN_UNDECLARED_SELECTOR = YES;
				GCC_WARN_UNINITIALIZED_AUTOS = YES_AGGRESSIVE;
				GCC_WARN_UNUSED_FUNCTION = YES;
				GCC_WARN_UNUSED_VARIABLE = YES;
				IPHONEOS_DEPLOYMENT_TARGET = 15.5;
				MTL_ENABLE_DEBUG_INFO = INCLUDE_SOURCE;
				MTL_FAST_MATH = YES;
				ONLY_ACTIVE_ARCH = YES;
				SDKROOT = iphoneos;
				SWIFT_ACTIVE_COMPILATION_CONDITIONS = DEBUG;
				SWIFT_OPTIMIZATION_LEVEL = "-Onone";
			};
			name = Debug;
		};
		EDE9957928607CD000CF077E /* Release */ = {
			isa = XCBuildConfiguration;
			buildSettings = {
				ALWAYS_SEARCH_USER_PATHS = NO;
				CLANG_ANALYZER_NONNULL = YES;
				CLANG_ANALYZER_NUMBER_OBJECT_CONVERSION = YES_AGGRESSIVE;
				CLANG_CXX_LANGUAGE_STANDARD = "gnu++17";
				CLANG_ENABLE_MODULES = YES;
				CLANG_ENABLE_OBJC_ARC = YES;
				CLANG_ENABLE_OBJC_WEAK = YES;
				CLANG_WARN_BLOCK_CAPTURE_AUTORELEASING = YES;
				CLANG_WARN_BOOL_CONVERSION = YES;
				CLANG_WARN_COMMA = YES;
				CLANG_WARN_CONSTANT_CONVERSION = YES;
				CLANG_WARN_DEPRECATED_OBJC_IMPLEMENTATIONS = YES;
				CLANG_WARN_DIRECT_OBJC_ISA_USAGE = YES_ERROR;
				CLANG_WARN_DOCUMENTATION_COMMENTS = YES;
				CLANG_WARN_EMPTY_BODY = YES;
				CLANG_WARN_ENUM_CONVERSION = YES;
				CLANG_WARN_INFINITE_RECURSION = YES;
				CLANG_WARN_INT_CONVERSION = YES;
				CLANG_WARN_NON_LITERAL_NULL_CONVERSION = YES;
				CLANG_WARN_OBJC_IMPLICIT_RETAIN_SELF = YES;
				CLANG_WARN_OBJC_LITERAL_CONVERSION = YES;
				CLANG_WARN_OBJC_ROOT_CLASS = YES_ERROR;
				CLANG_WARN_QUOTED_INCLUDE_IN_FRAMEWORK_HEADER = YES;
				CLANG_WARN_RANGE_LOOP_ANALYSIS = YES;
				CLANG_WARN_STRICT_PROTOTYPES = YES;
				CLANG_WARN_SUSPICIOUS_MOVE = YES;
				CLANG_WARN_UNGUARDED_AVAILABILITY = YES_AGGRESSIVE;
				CLANG_WARN_UNREACHABLE_CODE = YES;
				CLANG_WARN__DUPLICATE_METHOD_MATCH = YES;
				COPY_PHASE_STRIP = NO;
				DEBUG_INFORMATION_FORMAT = "dwarf-with-dsym";
				ENABLE_NS_ASSERTIONS = NO;
				ENABLE_STRICT_OBJC_MSGSEND = YES;
				GCC_C_LANGUAGE_STANDARD = gnu11;
				GCC_NO_COMMON_BLOCKS = YES;
				GCC_WARN_64_TO_32_BIT_CONVERSION = YES;
				GCC_WARN_ABOUT_RETURN_TYPE = YES_ERROR;
				GCC_WARN_UNDECLARED_SELECTOR = YES;
				GCC_WARN_UNINITIALIZED_AUTOS = YES_AGGRESSIVE;
				GCC_WARN_UNUSED_FUNCTION = YES;
				GCC_WARN_UNUSED_VARIABLE = YES;
				IPHONEOS_DEPLOYMENT_TARGET = 15.5;
				MTL_ENABLE_DEBUG_INFO = NO;
				MTL_FAST_MATH = YES;
				SDKROOT = iphoneos;
				SWIFT_COMPILATION_MODE = wholemodule;
				SWIFT_OPTIMIZATION_LEVEL = "-O";
				VALIDATE_PRODUCT = YES;
			};
			name = Release;
		};
		EDE9957B28607CD000CF077E /* Debug */ = {
			isa = XCBuildConfiguration;
			buildSettings = {
				ASSETCATALOG_COMPILER_APPICON_NAME = AppIcon;
				ASSETCATALOG_COMPILER_GLOBAL_ACCENT_COLOR_NAME = AccentColor;
				CODE_SIGN_STYLE = Automatic;
				CURRENT_PROJECT_VERSION = 1;
				DEVELOPMENT_ASSET_PATHS = "\"OneTowerDefense/Preview Content\"";
				ENABLE_PREVIEWS = YES;
				GENERATE_INFOPLIST_FILE = YES;
				INFOPLIST_KEY_UIApplicationSceneManifest_Generation = YES;
				INFOPLIST_KEY_UIApplicationSupportsIndirectInputEvents = YES;
				INFOPLIST_KEY_UILaunchScreen_Generation = YES;
				INFOPLIST_KEY_UISupportedInterfaceOrientations_iPad = "UIInterfaceOrientationPortrait UIInterfaceOrientationPortraitUpsideDown UIInterfaceOrientationLandscapeLeft UIInterfaceOrientationLandscapeRight";
				INFOPLIST_KEY_UISupportedInterfaceOrientations_iPhone = "UIInterfaceOrientationPortrait UIInterfaceOrientationLandscapeLeft UIInterfaceOrientationLandscapeRight";
				LD_RUNPATH_SEARCH_PATHS = (
					"$(inherited)",
					"@executable_path/Frameworks",
				);
				MARKETING_VERSION = 1.0;
				PRODUCT_BUNDLE_IDENTIFIER = Lasse.OneTowerDefense;
				PRODUCT_NAME = "$(TARGET_NAME)";
				SWIFT_EMIT_LOC_STRINGS = YES;
				SWIFT_VERSION = 5.0;
				TARGETED_DEVICE_FAMILY = "1,2";
			};
			name = Debug;
		};
		EDE9957C28607CD000CF077E /* Release */ = {
			isa = XCBuildConfiguration;
			buildSettings = {
				ASSETCATALOG_COMPILER_APPICON_NAME = AppIcon;
				ASSETCATALOG_COMPILER_GLOBAL_ACCENT_COLOR_NAME = AccentColor;
				CODE_SIGN_STYLE = Automatic;
				CURRENT_PROJECT_VERSION = 1;
				DEVELOPMENT_ASSET_PATHS = "\"OneTowerDefense/Preview Content\"";
				ENABLE_PREVIEWS = YES;
				GENERATE_INFOPLIST_FILE = YES;
				INFOPLIST_KEY_UIApplicationSceneManifest_Generation = YES;
				INFOPLIST_KEY_UIApplicationSupportsIndirectInputEvents = YES;
				INFOPLIST_KEY_UILaunchScreen_Generation = YES;
				INFOPLIST_KEY_UISupportedInterfaceOrientations_iPad = "UIInterfaceOrientationPortrait UIInterfaceOrientationPortraitUpsideDown UIInterfaceOrientationLandscapeLeft UIInterfaceOrientationLandscapeRight";
				INFOPLIST_KEY_UISupportedInterfaceOrientations_iPhone = "UIInterfaceOrientationPortrait UIInterfaceOrientationLandscapeLeft UIInterfaceOrientationLandscapeRight";
				LD_RUNPATH_SEARCH_PATHS = (
					"$(inherited)",
					"@executable_path/Frameworks",
				);
				MARKETING_VERSION = 1.0;
				PRODUCT_BUNDLE_IDENTIFIER = Lasse.OneTowerDefense;
				PRODUCT_NAME = "$(TARGET_NAME)";
				SWIFT_EMIT_LOC_STRINGS = YES;
				SWIFT_VERSION = 5.0;
				TARGETED_DEVICE_FAMILY = "1,2";
			};
			name = Release;
		};
		EDE9957E28607CD000CF077E /* Debug */ = {
			isa = XCBuildConfiguration;
			buildSettings = {
				ALWAYS_EMBED_SWIFT_STANDARD_LIBRARIES = YES;
				BUNDLE_LOADER = "$(TEST_HOST)";
				CODE_SIGN_STYLE = Automatic;
				CURRENT_PROJECT_VERSION = 1;
				GENERATE_INFOPLIST_FILE = YES;
				IPHONEOS_DEPLOYMENT_TARGET = 15.5;
				MARKETING_VERSION = 1.0;
				PRODUCT_BUNDLE_IDENTIFIER = Lasse.OneTowerDefenseTests;
				PRODUCT_NAME = "$(TARGET_NAME)";
				SWIFT_EMIT_LOC_STRINGS = NO;
				SWIFT_VERSION = 5.0;
				TARGETED_DEVICE_FAMILY = "1,2";
				TEST_HOST = "$(BUILT_PRODUCTS_DIR)/OneTowerDefense.app/OneTowerDefense";
			};
			name = Debug;
		};
		EDE9957F28607CD000CF077E /* Release */ = {
			isa = XCBuildConfiguration;
			buildSettings = {
				ALWAYS_EMBED_SWIFT_STANDARD_LIBRARIES = YES;
				BUNDLE_LOADER = "$(TEST_HOST)";
				CODE_SIGN_STYLE = Automatic;
				CURRENT_PROJECT_VERSION = 1;
				GENERATE_INFOPLIST_FILE = YES;
				IPHONEOS_DEPLOYMENT_TARGET = 15.5;
				MARKETING_VERSION = 1.0;
				PRODUCT_BUNDLE_IDENTIFIER = Lasse.OneTowerDefenseTests;
				PRODUCT_NAME = "$(TARGET_NAME)";
				SWIFT_EMIT_LOC_STRINGS = NO;
				SWIFT_VERSION = 5.0;
				TARGETED_DEVICE_FAMILY = "1,2";
				TEST_HOST = "$(BUILT_PRODUCTS_DIR)/OneTowerDefense.app/OneTowerDefense";
			};
			name = Release;
		};
		EDE9958128607CD000CF077E /* Debug */ = {
			isa = XCBuildConfiguration;
			buildSettings = {
				ALWAYS_EMBED_SWIFT_STANDARD_LIBRARIES = YES;
				CODE_SIGN_STYLE = Automatic;
				CURRENT_PROJECT_VERSION = 1;
				GENERATE_INFOPLIST_FILE = YES;
				MARKETING_VERSION = 1.0;
				PRODUCT_BUNDLE_IDENTIFIER = Lasse.OneTowerDefenseUITests;
				PRODUCT_NAME = "$(TARGET_NAME)";
				SWIFT_EMIT_LOC_STRINGS = NO;
				SWIFT_VERSION = 5.0;
				TARGETED_DEVICE_FAMILY = "1,2";
				TEST_TARGET_NAME = OneTowerDefense;
			};
			name = Debug;
		};
		EDE9958228607CD000CF077E /* Release */ = {
			isa = XCBuildConfiguration;
			buildSettings = {
				ALWAYS_EMBED_SWIFT_STANDARD_LIBRARIES = YES;
				CODE_SIGN_STYLE = Automatic;
				CURRENT_PROJECT_VERSION = 1;
				GENERATE_INFOPLIST_FILE = YES;
				MARKETING_VERSION = 1.0;
				PRODUCT_BUNDLE_IDENTIFIER = Lasse.OneTowerDefenseUITests;
				PRODUCT_NAME = "$(TARGET_NAME)";
				SWIFT_EMIT_LOC_STRINGS = NO;
				SWIFT_VERSION = 5.0;
				TARGETED_DEVICE_FAMILY = "1,2";
				TEST_TARGET_NAME = OneTowerDefense;
			};
			name = Release;
		};
/* End XCBuildConfiguration section */

/* Begin XCConfigurationList section */
		EDE9955128607CCE00CF077E /* Build configuration list for PBXProject "OneTowerDefense" */ = {
			isa = XCConfigurationList;
			buildConfigurations = (
				EDE9957828607CD000CF077E /* Debug */,
				EDE9957928607CD000CF077E /* Release */,
			);
			defaultConfigurationIsVisible = 0;
			defaultConfigurationName = Release;
		};
		EDE9957A28607CD000CF077E /* Build configuration list for PBXNativeTarget "OneTowerDefense" */ = {
			isa = XCConfigurationList;
			buildConfigurations = (
				EDE9957B28607CD000CF077E /* Debug */,
				EDE9957C28607CD000CF077E /* Release */,
			);
			defaultConfigurationIsVisible = 0;
			defaultConfigurationName = Release;
		};
		EDE9957D28607CD000CF077E /* Build configuration list for PBXNativeTarget "OneTowerDefenseTests" */ = {
			isa = XCConfigurationList;
			buildConfigurations = (
				EDE9957E28607CD000CF077E /* Debug */,
				EDE9957F28607CD000CF077E /* Release */,
			);
			defaultConfigurationIsVisible = 0;
			defaultConfigurationName = Release;
		};
		EDE9958028607CD000CF077E /* Build configuration list for PBXNativeTarget "OneTowerDefenseUITests" */ = {
			isa = XCConfigurationList;
			buildConfigurations = (
				EDE9958128607CD000CF077E /* Debug */,
				EDE9958228607CD000CF077E /* Release */,
			);
			defaultConfigurationIsVisible = 0;
			defaultConfigurationName = Release;
		};
/* End XCConfigurationList section */
	};
	rootObject = EDE9954E28607CCE00CF077E /* Project object */;
}
